
Microsoft Visual Studio Solution File, Format Version 12.00
# Visual Studio Version 17
VisualStudioVersion = 17.0.32014.148
MinimumVisualStudioVersion = 10.0.40219.1
Project("{FAE04EC0-301F-11D3-BF4B-00C04F79EFBC}") = "MyBIIntegration", "MyBIIntegration\MyBIIntegration.csproj", "{A3FA9686-E26D-4CDE-968C-D7EAC51BF1EE}"
EndProject
Project("{FAE04EC0-301F-11D3-BF4B-00C04F79EFBC}") = "MyBIIntegrationSBAPI", "MyBIIntegrationSBAPI\MyBIIntegrationSBAPI.csproj", "{F3BB63AE-A810-4CB0-B2F6-A1037EC16E86}"
EndProject
Project("{FAE04EC0-301F-11D3-BF4B-00C04F79EFBC}") = "MyStoreIntegration", "MyStoreIntegration\MyStoreIntegration.csproj", "{466C2566-B650-4C66-AA52-EFFEA674839B}"
EndProject
Global
	GlobalSection(SolutionConfigurationPlatforms) = preSolution
		Debug|Any CPU = Debug|Any CPU
		Release|Any CPU = Release|Any CPU
	EndGlobalSection
	GlobalSection(ProjectConfigurationPlatforms) = postSolution
		{A3FA9686-E26D-4CDE-968C-D7EAC51BF1EE}.Debug|Any CPU.ActiveCfg = Debug|Any CPU
		{A3FA9686-E26D-4CDE-968C-D7EAC51BF1EE}.Debug|Any CPU.Build.0 = Debug|Any CPU
		{A3FA9686-E26D-4CDE-968C-D7EAC51BF1EE}.Release|Any CPU.ActiveCfg = Release|Any CPU
		{A3FA9686-E26D-4CDE-968C-D7EAC51BF1EE}.Release|Any CPU.Build.0 = Release|Any CPU
		{F3BB63AE-A810-4CB0-B2F6-A1037EC16E86}.Debug|Any CPU.ActiveCfg = Debug|Any CPU
		{F3BB63AE-A810-4CB0-B2F6-A1037EC16E86}.Debug|Any CPU.Build.0 = Debug|Any CPU
		{F3BB63AE-A810-4CB0-B2F6-A1037EC16E86}.Release|Any CPU.ActiveCfg = Release|Any CPU
		{F3BB63AE-A810-4CB0-B2F6-A1037EC16E86}.Release|Any CPU.Build.0 = Release|Any CPU
		{466C2566-B650-4C66-AA52-EFFEA674839B}.Debug|Any CPU.ActiveCfg = Debug|Any CPU
		{466C2566-B650-4C66-AA52-EFFEA674839B}.Debug|Any CPU.Build.0 = Debug|Any CPU
		{466C2566-B650-4C66-AA52-EFFEA674839B}.Release|Any CPU.ActiveCfg = Release|Any CPU
		{466C2566-B650-4C66-AA52-EFFEA674839B}.Release|Any CPU.Build.0 = Release|Any CPU
	EndGlobalSection
	GlobalSection(SolutionProperties) = preSolution
		HideSolutionNode = FALSE
	EndGlobalSection
	GlobalSection(ExtensibilityGlobals) = postSolution
		SolutionGuid = {4E3D2BAA-3061-4304-8523-BDEADF95A474}
	EndGlobalSection
EndGlobal
